
Microsoft Visual Studio Solution File, Format Version 12.00
# Visual Studio Version 17
VisualStudioVersion = 17.3.32929.385
MinimumVisualStudioVersion = 10.0.40219.1
Project("{2150E333-8FDC-42A3-9474-1A3956D46DE8}") = "src", "src", "{5DC0A4E9-510A-4941-9E97-D826FE598E48}"
EndProject
Project("{FAE04EC0-301F-11D3-BF4B-00C04F79EFBC}") = "Examples", "src\Examples\Examples.csproj", "{15DB7E8C-5419-4F91-BAA0-870FF12F8912}"
EndProject
Project("{FAE04EC0-301F-11D3-BF4B-00C04F79EFBC}") = "UnitTest", "src\UnitTest\UnitTest.csproj", "{49EAE18F-A82E-4F52-B53A-1938CB61941D}"
EndProject
Global
	GlobalSection(SolutionConfigurationPlatforms) = preSolution
		Debug|Any CPU = Debug|Any CPU
		Release|Any CPU = Release|Any CPU
	EndGlobalSection
	GlobalSection(ProjectConfigurationPlatforms) = postSolution
		{15DB7E8C-5419-4F91-BAA0-870FF12F8912}.Debug|Any CPU.ActiveCfg = Debug|Any CPU
		{15DB7E8C-5419-4F91-BAA0-870FF12F8912}.Debug|Any CPU.Build.0 = Debug|Any CPU
		{15DB7E8C-5419-4F91-BAA0-870FF12F8912}.Release|Any CPU.ActiveCfg = Release|Any CPU
		{15DB7E8C-5419-4F91-BAA0-870FF12F8912}.Release|Any CPU.Build.0 = Release|Any CPU
		{49EAE18F-A82E-4F52-B53A-1938CB61941D}.Debug|Any CPU.ActiveCfg = Debug|Any CPU
		{49EAE18F-A82E-4F52-B53A-1938CB61941D}.Debug|Any CPU.Build.0 = Debug|Any CPU
		{49EAE18F-A82E-4F52-B53A-1938CB61941D}.Release|Any CPU.ActiveCfg = Release|Any CPU
		{49EAE18F-A82E-4F52-B53A-1938CB61941D}.Release|Any CPU.Build.0 = Release|Any CPU
	EndGlobalSection
	GlobalSection(SolutionProperties) = preSolution
		HideSolutionNode = FALSE
	EndGlobalSection
	GlobalSection(NestedProjects) = preSolution
		{15DB7E8C-5419-4F91-BAA0-870FF12F8912} = {5DC0A4E9-510A-4941-9E97-D826FE598E48}
		{49EAE18F-A82E-4F52-B53A-1938CB61941D} = {5DC0A4E9-510A-4941-9E97-D826FE598E48}
	EndGlobalSection
	GlobalSection(ExtensibilityGlobals) = postSolution
		SolutionGuid = {AAD494CD-58C4-44C9-8017-43E7AF0767A4}
	EndGlobalSection
EndGlobal
